
Microsoft Visual Studio Solution File, Format Version 12.00
# Visual Studio 16
Project("{2150E333-8FDC-42A3-9474-1A3956D46DE8}") = "Projects", "Projects", "{B63FEAB7-A20D-DEBD-8BA1-4EE4770EBA22}"
EndProject
Project("{8BC9CEB8-8B4A-11D0-8D11-00A0C91BC942}") = "GraphicsTests", "projects\GraphicsTests\GraphicsTests.vcxproj", "{0916359A-75D6-B0D0-3E11-FA4DAA90F5AC}"
EndProject
Project("{8BC9CEB8-8B4A-11D0-8D11-00A0C91BC942}") = "Assignment1New", "projects\Assignment1New\Assignment1New.vcxproj", "{F980201D-E54E-1423-CEE2-8449BA4FF087}"
EndProject
Project("{2150E333-8FDC-42A3-9474-1A3956D46DE8}") = "Dependencies", "Dependencies", "{53E47842-3FC8-3998-A828-34EB942B241A}"
EndProject
Project("{8BC9CEB8-8B4A-11D0-8D11-00A0C91BC942}") = "GLFW", "dependencies\glfw3\GLFW.vcxproj", "{154B857C-0182-860D-AA6E-6C109684020F}"
EndProject
Project("{8BC9CEB8-8B4A-11D0-8D11-00A0C91BC942}") = "Glad", "dependencies\glad\Glad.vcxproj", "{BDD6857C-A90D-870D-52FA-6C103E10030F}"
EndProject
Project("{8BC9CEB8-8B4A-11D0-8D11-00A0C91BC942}") = "ImGui", "dependencies\imgui\ImGui.vcxproj", "{C0FF640D-2C14-8DBE-F595-301E616989EF}"
EndProject
Project("{8BC9CEB8-8B4A-11D0-8D11-00A0C91BC942}") = "Stbs", "dependencies\stbs\Stbs.vcxproj", "{818D8C7C-6DC4-8D0D-16B1-731002C7090F}"
EndProject
Project("{8BC9CEB8-8B4A-11D0-8D11-00A0C91BC942}") = "TinyGLTF", "dependencies\tinyGLTF\TinyGLTF.vcxproj", "{76563D9D-6223-98A8-8B3C-86507768CD36}"
EndProject
Project("{8BC9CEB8-8B4A-11D0-8D11-00A0C91BC942}") = "spdlog", "dependencies\spdlog\spdlog.vcxproj", "{8EAD431C-7A4F-6EF2-630A-82464F4BF542}"
EndProject
Project("{2150E333-8FDC-42A3-9474-1A3956D46DE8}") = "Modules", "Modules", "{65CB7E83-D18B-FAB9-9AC6-433706463F96}"
EndProject
Project("{8BC9CEB8-8B4A-11D0-8D11-00A0C91BC942}") = "BaseApplicationModule", "modules\BaseApplicationModule\BaseApplicationModule.vcxproj", "{9A643DEF-06D1-F8E9-CFC4-90473BF01A52}"
EndProject
Project("{8BC9CEB8-8B4A-11D0-8D11-00A0C91BC942}") = "FMODStudio", "modules\FMODStudio\FMODStudio.vcxproj", "{A386D97E-8F3E-1BCC-F845-F427E41CB6BC}"
EndProject
Project("{8BC9CEB8-8B4A-11D0-8D11-00A0C91BC942}") = "GraphicsModule", "modules\GraphicsModule\GraphicsModule.vcxproj", "{DC7930D1-C847-24D7-B1DB-94FD9D48003C}"
EndProject
Project("{8BC9CEB8-8B4A-11D0-8D11-00A0C91BC942}") = "NOU", "modules\NOU\NOU.vcxproj", "{3709880B-A312-887C-2C8E-9E7C9896937C}"
EndProject
Project("{8BC9CEB8-8B4A-11D0-8D11-00A0C91BC942}") = "sampleModule", "modules\sampleModule\sampleModule.vcxproj", "{8D153653-7978-C5F7-22FE-FDAD0E40917A}"
EndProject
Project("{8BC9CEB8-8B4A-11D0-8D11-00A0C91BC942}") = "toolkit", "modules\toolkit\toolkit.vcxproj", "{AB7025F0-1750-A48B-2068-2F628CC60AED}"
EndProject
Project("{2150E333-8FDC-42A3-9474-1A3956D46DE8}") = "Samples - INFR-1350U", "Samples - INFR-1350U", "{0822A731-F431-5302-5DEB-B720491A429B}"
EndProject
Project("{8BC9CEB8-8B4A-11D0-8D11-00A0C91BC942}") = "Week10-Starter", "samples\INFR-1350U\Week10-Starter\Week10-Starter.vcxproj", "{642E3DBD-50FC-30C3-3990-A1E925FD0C28}"
EndProject
Project("{8BC9CEB8-8B4A-11D0-8D11-00A0C91BC942}") = "Week11-Starter", "samples\INFR-1350U\Week11-Starter\Week11-Starter.vcxproj", "{659FB931-516D-AD37-3A01-1E5E266E899C}"
EndProject
Project("{8BC9CEB8-8B4A-11D0-8D11-00A0C91BC942}") = "Week3-Starter", "samples\INFR-1350U\Week3-Starter\Week3-Starter.vcxproj", "{F6637ACB-6224-F601-2B5F-3F7F97DE3ADE}"
EndProject
Project("{8BC9CEB8-8B4A-11D0-8D11-00A0C91BC942}") = "Week4-Starter", "samples\INFR-1350U\Week4-Starter\Week4-Starter.vcxproj", "{F7D4F63F-6395-7276-2CD0-BBF3984FB752}"
EndProject
Project("{8BC9CEB8-8B4A-11D0-8D11-00A0C91BC942}") = "Week5-Starter", "samples\INFR-1350U\Week5-Starter\Week5-Starter.vcxproj", "{F84573B4-6406-EFEA-2D41-386899C033C7}"
EndProject
Project("{8BC9CEB8-8B4A-11D0-8D11-00A0C91BC942}") = "Week7-Starter", "samples\INFR-1350U\Week7-Starter\Week7-Starter.vcxproj", "{FA276C9D-66E8-E7D3-2F23-31519BA22CB0}"
EndProject
Project("{8BC9CEB8-8B4A-11D0-8D11-00A0C91BC942}") = "Week9-Starter", "samples\INFR-1350U\Week9-Starter\Week9-Starter.vcxproj", "{FC096586-68CA-E0BC-3105-2A3A9D842599}"
EndProject
Project("{2150E333-8FDC-42A3-9474-1A3956D46DE8}") = "Samples - INFR-2310", "Samples - INFR-2310", "{30C3A07D-9C85-D407-E535-63945137ADE5}"
EndProject
Project("{8BC9CEB8-8B4A-11D0-8D11-00A0C91BC942}") = "(Solution) W6 Tutorial - Morphing", "samples\INFR-2310\(Solution) W6 Tutorial - Morphing\(Solution) W6 Tutorial - Morphing.vcxproj", "{451CA739-B18A-FCB8-FA73-B7B86621F254}"
EndProject
Project("{8BC9CEB8-8B4A-11D0-8D11-00A0C91BC942}") = "(Solution) W7 Tutorial - Skeletons", "samples\INFR-2310\(Solution) W7 Tutorial - Skeletons\(Solution) W7 Tutorial - Skeletons.vcxproj", "{FA4DE0F8-E689-E362-4F9C-FB593BF78B7D}"
EndProject
Project("{8BC9CEB8-8B4A-11D0-8D11-00A0C91BC942}") = "(Starter) W11 Tutorial - Blending", "samples\INFR-2310\(Starter) W11 Tutorial - Blending\(Starter) W11 Tutorial - Blending.vcxproj", "{387CC9F0-A4EA-1E70-EDD3-D96F5981140C}"
EndProject
Project("{8BC9CEB8-8B4A-11D0-8D11-00A0C91BC942}") = "(Starter) W2 Tutorial - LERP", "samples\INFR-2310\(Starter) W2 Tutorial - LERP\(Starter) W2 Tutorial - LERP.vcxproj", "{D878589E-C433-484A-6DEB-C094598592DA}"
EndProject
Project("{8BC9CEB8-8B4A-11D0-8D11-00A0C91BC942}") = "(Starter) W3 Tutorial - Basic Systems", "samples\INFR-2310\(Starter) W3 Tutorial - Basic Systems\(Starter) W3 Tutorial - Basic Systems.vcxproj", "{60906E50-CC54-6D40-95BA-9D0A013E0976}"
EndProject
Project("{8BC9CEB8-8B4A-11D0-8D11-00A0C91BC942}") = "(Starter) W4 Tutorial - Paths", "samples\INFR-2310\(Starter) W4 Tutorial - Paths\(Starter) W4 Tutorial - Paths.vcxproj", "{E728EC45-5341-D36F-1CEE-620988C56709}"
EndProject
Project("{8BC9CEB8-8B4A-11D0-8D11-00A0C91BC942}") = "(Starter) W5 Tutorial - Particles", "samples\INFR-2310\(Starter) W5 Tutorial - Particles\(Starter) W5 Tutorial - Particles.vcxproj", "{6F2A4D34-DB98-A2B3-2482-5DB3902F984F}"
EndProject
Project("{8BC9CEB8-8B4A-11D0-8D11-00A0C91BC942}") = "(Starter) W6 Tutorial - Morphing", "samples\INFR-2310\(Starter) W6 Tutorial - Morphing\(Starter) W6 Tutorial - Morphing.vcxproj", "{4DD4BFB3-3925-ABF5-6289-99B74E393E5F}"
EndProject
Project("{8BC9CEB8-8B4A-11D0-8D11-00A0C91BC942}") = "(Starter) W7 Tutorial - Skeletal Animation", "samples\INFR-2310\(Starter) W7 Tutorial - Skeletal Animation\(Starter) W7 Tutorial - Skeletal Animation.vcxproj", "{9F898B82-8BF1-5150-F45C-6666E0E3683C}"
EndProject
Project("{8BC9CEB8-8B4A-11D0-8D11-00A0C91BC942}") = "(Starter) W9 Tutorial - Skinning", "samples\INFR-2310\(Starter) W9 Tutorial - Skinning\(Starter) W9 Tutorial - Skinning.vcxproj", "{AD7969E7-99CA-5429-C22E-43EBAEDEE792}"
EndProject
Project("{8BC9CEB8-8B4A-11D0-8D11-00A0C91BC942}") = "(Take-Up) W7 Tutorial - Skeletons", "samples\INFR-2310\(Take-Up) W7 Tutorial - Skeletons\(Take-Up) W7 Tutorial - Skeletons.vcxproj", "{14544B3A-80C2-A0B9-C9AB-5BB935599655}"
EndProject
Project("{8BC9CEB8-8B4A-11D0-8D11-00A0C91BC942}") = "NOU-Sample", "samples\INFR-2310\NOU-Sample\NOU-Sample.vcxproj", "{6678DA25-5230-1C73-BB37-F5CEA70EB763}"
EndProject
Project("{8BC9CEB8-8B4A-11D0-8D11-00A0C91BC942}") = "W11 Tutorial-Blending", "samples\INFR-2310\W11 Tutorial-Blending\W11 Tutorial-Blending.vcxproj", "{02B6B284-6E22-6E7F-3716-06DDA34190E7}"
EndProject
Project("{8BC9CEB8-8B4A-11D0-8D11-00A0C91BC942}") = "W2 Tutorial-LERP", "samples\INFR-2310\W2 Tutorial-LERP\W2 Tutorial-LERP.vcxproj", "{62D457B9-4ECD-760B-77FF-5B9063575617}"
EndProject
Project("{8BC9CEB8-8B4A-11D0-8D11-00A0C91BC942}") = "W3 Tutorial-Basic Systems", "samples\INFR-2310\W3 Tutorial-Basic Systems\W3 Tutorial-Basic Systems.vcxproj", "{EA4A5DC9-560D-9153-9FBD-1FE00BBF6931}"
EndProject
Project("{8BC9CEB8-8B4A-11D0-8D11-00A0C91BC942}") = "W4 Tutorial-Paths and Curves", "samples\INFR-2310\W4 Tutorial-Paths and Curves\W4 Tutorial-Paths and Curves.vcxproj", "{5C0C50D9-48C7-3F85-F17E-B8CFDD188A15}"
EndProject
Project("{8BC9CEB8-8B4A-11D0-8D11-00A0C91BC942}") = "W5 Tutorial-Particles", "samples\INFR-2310\W5 Tutorial-Particles\W5 Tutorial-Particles.vcxproj", "{79F7759A-E563-3195-AE57-C9F21A8353FD}"
EndProject
Project("{8BC9CEB8-8B4A-11D0-8D11-00A0C91BC942}") = "W6 Tutorial-Morphing", "samples\INFR-2310\W6 Tutorial-Morphing\W6 Tutorial-Morphing.vcxproj", "{D793EB2D-C322-75F7-6C41-89F258AF859D}"
EndProject
Project("{8BC9CEB8-8B4A-11D0-8D11-00A0C91BC942}") = "W7 Tutorial-Skeletons", "samples\INFR-2310\W7 Tutorial-Skeletons\W7 Tutorial-Skeletons.vcxproj", "{8C9B2ECF-F807-EAC9-C1FB-81272D270C32}"
EndProject
Project("{8BC9CEB8-8B4A-11D0-8D11-00A0C91BC942}") = "W9 Tutorial-Skinning", "samples\INFR-2310\W9 Tutorial-Skinning\W9 Tutorial-Skinning.vcxproj", "{777CFD80-630B-874A-0C2A-9B45F89797F0}"
EndProject
Global
	GlobalSection(SolutionConfigurationPlatforms) = preSolution
		Debug|x64 = Debug|x64
		Release|x64 = Release|x64
	EndGlobalSection
	GlobalSection(ProjectConfigurationPlatforms) = postSolution
		{0916359A-75D6-B0D0-3E11-FA4DAA90F5AC}.Debug|x64.ActiveCfg = Debug|x64
		{0916359A-75D6-B0D0-3E11-FA4DAA90F5AC}.Debug|x64.Build.0 = Debug|x64
		{0916359A-75D6-B0D0-3E11-FA4DAA90F5AC}.Release|x64.ActiveCfg = Release|x64
		{0916359A-75D6-B0D0-3E11-FA4DAA90F5AC}.Release|x64.Build.0 = Release|x64
		{F980201D-E54E-1423-CEE2-8449BA4FF087}.Debug|x64.ActiveCfg = Debug|x64
		{F980201D-E54E-1423-CEE2-8449BA4FF087}.Debug|x64.Build.0 = Debug|x64
		{F980201D-E54E-1423-CEE2-8449BA4FF087}.Release|x64.ActiveCfg = Release|x64
		{F980201D-E54E-1423-CEE2-8449BA4FF087}.Release|x64.Build.0 = Release|x64
		{154B857C-0182-860D-AA6E-6C109684020F}.Debug|x64.ActiveCfg = Debug|x64
		{154B857C-0182-860D-AA6E-6C109684020F}.Debug|x64.Build.0 = Debug|x64
		{154B857C-0182-860D-AA6E-6C109684020F}.Release|x64.ActiveCfg = Release|x64
		{154B857C-0182-860D-AA6E-6C109684020F}.Release|x64.Build.0 = Release|x64
		{BDD6857C-A90D-870D-52FA-6C103E10030F}.Debug|x64.ActiveCfg = Debug|x64
		{BDD6857C-A90D-870D-52FA-6C103E10030F}.Debug|x64.Build.0 = Debug|x64
		{BDD6857C-A90D-870D-52FA-6C103E10030F}.Release|x64.ActiveCfg = Release|x64
		{BDD6857C-A90D-870D-52FA-6C103E10030F}.Release|x64.Build.0 = Release|x64
		{C0FF640D-2C14-8DBE-F595-301E616989EF}.Debug|x64.ActiveCfg = Debug|x64
		{C0FF640D-2C14-8DBE-F595-301E616989EF}.Debug|x64.Build.0 = Debug|x64
		{C0FF640D-2C14-8DBE-F595-301E616989EF}.Release|x64.ActiveCfg = Release|x64
		{C0FF640D-2C14-8DBE-F595-301E616989EF}.Release|x64.Build.0 = Release|x64
		{818D8C7C-6DC4-8D0D-16B1-731002C7090F}.Debug|x64.ActiveCfg = Debug|x64
		{818D8C7C-6DC4-8D0D-16B1-731002C7090F}.Debug|x64.Build.0 = Debug|x64
		{818D8C7C-6DC4-8D0D-16B1-731002C7090F}.Release|x64.ActiveCfg = Release|x64
		{818D8C7C-6DC4-8D0D-16B1-731002C7090F}.Release|x64.Build.0 = Release|x64
		{76563D9D-6223-98A8-8B3C-86507768CD36}.Debug|x64.ActiveCfg = Debug|x64
		{76563D9D-6223-98A8-8B3C-86507768CD36}.Debug|x64.Build.0 = Debug|x64
		{76563D9D-6223-98A8-8B3C-86507768CD36}.Release|x64.ActiveCfg = Release|x64
		{76563D9D-6223-98A8-8B3C-86507768CD36}.Release|x64.Build.0 = Release|x64
		{8EAD431C-7A4F-6EF2-630A-82464F4BF542}.Debug|x64.ActiveCfg = Debug|x64
		{8EAD431C-7A4F-6EF2-630A-82464F4BF542}.Debug|x64.Build.0 = Debug|x64
		{8EAD431C-7A4F-6EF2-630A-82464F4BF542}.Release|x64.ActiveCfg = Release|x64
		{8EAD431C-7A4F-6EF2-630A-82464F4BF542}.Release|x64.Build.0 = Release|x64
		{9A643DEF-06D1-F8E9-CFC4-90473BF01A52}.Debug|x64.ActiveCfg = Debug|x64
		{9A643DEF-06D1-F8E9-CFC4-90473BF01A52}.Debug|x64.Build.0 = Debug|x64
		{9A643DEF-06D1-F8E9-CFC4-90473BF01A52}.Release|x64.ActiveCfg = Release|x64
		{9A643DEF-06D1-F8E9-CFC4-90473BF01A52}.Release|x64.Build.0 = Release|x64
		{A386D97E-8F3E-1BCC-F845-F427E41CB6BC}.Debug|x64.ActiveCfg = Debug|x64
		{A386D97E-8F3E-1BCC-F845-F427E41CB6BC}.Debug|x64.Build.0 = Debug|x64
		{A386D97E-8F3E-1BCC-F845-F427E41CB6BC}.Release|x64.ActiveCfg = Release|x64
		{A386D97E-8F3E-1BCC-F845-F427E41CB6BC}.Release|x64.Build.0 = Release|x64
		{DC7930D1-C847-24D7-B1DB-94FD9D48003C}.Debug|x64.ActiveCfg = Debug|x64
		{DC7930D1-C847-24D7-B1DB-94FD9D48003C}.Debug|x64.Build.0 = Debug|x64
		{DC7930D1-C847-24D7-B1DB-94FD9D48003C}.Release|x64.ActiveCfg = Release|x64
		{DC7930D1-C847-24D7-B1DB-94FD9D48003C}.Release|x64.Build.0 = Release|x64
		{3709880B-A312-887C-2C8E-9E7C9896937C}.Debug|x64.ActiveCfg = Debug|x64
		{3709880B-A312-887C-2C8E-9E7C9896937C}.Debug|x64.Build.0 = Debug|x64
		{3709880B-A312-887C-2C8E-9E7C9896937C}.Release|x64.ActiveCfg = Release|x64
		{3709880B-A312-887C-2C8E-9E7C9896937C}.Release|x64.Build.0 = Release|x64
		{8D153653-7978-C5F7-22FE-FDAD0E40917A}.Debug|x64.ActiveCfg = Debug|x64
		{8D153653-7978-C5F7-22FE-FDAD0E40917A}.Debug|x64.Build.0 = Debug|x64
		{8D153653-7978-C5F7-22FE-FDAD0E40917A}.Release|x64.ActiveCfg = Release|x64
		{8D153653-7978-C5F7-22FE-FDAD0E40917A}.Release|x64.Build.0 = Release|x64
		{AB7025F0-1750-A48B-2068-2F628CC60AED}.Debug|x64.ActiveCfg = Debug|x64
		{AB7025F0-1750-A48B-2068-2F628CC60AED}.Debug|x64.Build.0 = Debug|x64
		{AB7025F0-1750-A48B-2068-2F628CC60AED}.Release|x64.ActiveCfg = Release|x64
		{AB7025F0-1750-A48B-2068-2F628CC60AED}.Release|x64.Build.0 = Release|x64
		{642E3DBD-50FC-30C3-3990-A1E925FD0C28}.Debug|x64.ActiveCfg = Debug|x64
		{642E3DBD-50FC-30C3-3990-A1E925FD0C28}.Debug|x64.Build.0 = Debug|x64
		{642E3DBD-50FC-30C3-3990-A1E925FD0C28}.Release|x64.ActiveCfg = Release|x64
		{642E3DBD-50FC-30C3-3990-A1E925FD0C28}.Release|x64.Build.0 = Release|x64
		{659FB931-516D-AD37-3A01-1E5E266E899C}.Debug|x64.ActiveCfg = Debug|x64
		{659FB931-516D-AD37-3A01-1E5E266E899C}.Debug|x64.Build.0 = Debug|x64
		{659FB931-516D-AD37-3A01-1E5E266E899C}.Release|x64.ActiveCfg = Release|x64
		{659FB931-516D-AD37-3A01-1E5E266E899C}.Release|x64.Build.0 = Release|x64
		{F6637ACB-6224-F601-2B5F-3F7F97DE3ADE}.Debug|x64.ActiveCfg = Debug|x64
		{F6637ACB-6224-F601-2B5F-3F7F97DE3ADE}.Debug|x64.Build.0 = Debug|x64
		{F6637ACB-6224-F601-2B5F-3F7F97DE3ADE}.Release|x64.ActiveCfg = Release|x64
		{F6637ACB-6224-F601-2B5F-3F7F97DE3ADE}.Release|x64.Build.0 = Release|x64
		{F7D4F63F-6395-7276-2CD0-BBF3984FB752}.Debug|x64.ActiveCfg = Debug|x64
		{F7D4F63F-6395-7276-2CD0-BBF3984FB752}.Debug|x64.Build.0 = Debug|x64
		{F7D4F63F-6395-7276-2CD0-BBF3984FB752}.Release|x64.ActiveCfg = Release|x64
		{F7D4F63F-6395-7276-2CD0-BBF3984FB752}.Release|x64.Build.0 = Release|x64
		{F84573B4-6406-EFEA-2D41-386899C033C7}.Debug|x64.ActiveCfg = Debug|x64
		{F84573B4-6406-EFEA-2D41-386899C033C7}.Debug|x64.Build.0 = Debug|x64
		{F84573B4-6406-EFEA-2D41-386899C033C7}.Release|x64.ActiveCfg = Release|x64
		{F84573B4-6406-EFEA-2D41-386899C033C7}.Release|x64.Build.0 = Release|x64
		{FA276C9D-66E8-E7D3-2F23-31519BA22CB0}.Debug|x64.ActiveCfg = Debug|x64
		{FA276C9D-66E8-E7D3-2F23-31519BA22CB0}.Debug|x64.Build.0 = Debug|x64
		{FA276C9D-66E8-E7D3-2F23-31519BA22CB0}.Release|x64.ActiveCfg = Release|x64
		{FA276C9D-66E8-E7D3-2F23-31519BA22CB0}.Release|x64.Build.0 = Release|x64
		{FC096586-68CA-E0BC-3105-2A3A9D842599}.Debug|x64.ActiveCfg = Debug|x64
		{FC096586-68CA-E0BC-3105-2A3A9D842599}.Debug|x64.Build.0 = Debug|x64
		{FC096586-68CA-E0BC-3105-2A3A9D842599}.Release|x64.ActiveCfg = Release|x64
		{FC096586-68CA-E0BC-3105-2A3A9D842599}.Release|x64.Build.0 = Release|x64
		{451CA739-B18A-FCB8-FA73-B7B86621F254}.Debug|x64.ActiveCfg = Debug|x64
		{451CA739-B18A-FCB8-FA73-B7B86621F254}.Debug|x64.Build.0 = Debug|x64
		{451CA739-B18A-FCB8-FA73-B7B86621F254}.Release|x64.ActiveCfg = Release|x64
		{451CA739-B18A-FCB8-FA73-B7B86621F254}.Release|x64.Build.0 = Release|x64
		{FA4DE0F8-E689-E362-4F9C-FB593BF78B7D}.Debug|x64.ActiveCfg = Debug|x64
		{FA4DE0F8-E689-E362-4F9C-FB593BF78B7D}.Debug|x64.Build.0 = Debug|x64
		{FA4DE0F8-E689-E362-4F9C-FB593BF78B7D}.Release|x64.ActiveCfg = Release|x64
		{FA4DE0F8-E689-E362-4F9C-FB593BF78B7D}.Release|x64.Build.0 = Release|x64
		{387CC9F0-A4EA-1E70-EDD3-D96F5981140C}.Debug|x64.ActiveCfg = Debug|x64
		{387CC9F0-A4EA-1E70-EDD3-D96F5981140C}.Debug|x64.Build.0 = Debug|x64
		{387CC9F0-A4EA-1E70-EDD3-D96F5981140C}.Release|x64.ActiveCfg = Release|x64
		{387CC9F0-A4EA-1E70-EDD3-D96F5981140C}.Release|x64.Build.0 = Release|x64
		{D878589E-C433-484A-6DEB-C094598592DA}.Debug|x64.ActiveCfg = Debug|x64
		{D878589E-C433-484A-6DEB-C094598592DA}.Debug|x64.Build.0 = Debug|x64
		{D878589E-C433-484A-6DEB-C094598592DA}.Release|x64.ActiveCfg = Release|x64
		{D878589E-C433-484A-6DEB-C094598592DA}.Release|x64.Build.0 = Release|x64
		{60906E50-CC54-6D40-95BA-9D0A013E0976}.Debug|x64.ActiveCfg = Debug|x64
		{60906E50-CC54-6D40-95BA-9D0A013E0976}.Debug|x64.Build.0 = Debug|x64
		{60906E50-CC54-6D40-95BA-9D0A013E0976}.Release|x64.ActiveCfg = Release|x64
		{60906E50-CC54-6D40-95BA-9D0A013E0976}.Release|x64.Build.0 = Release|x64
		{E728EC45-5341-D36F-1CEE-620988C56709}.Debug|x64.ActiveCfg = Debug|x64
		{E728EC45-5341-D36F-1CEE-620988C56709}.Debug|x64.Build.0 = Debug|x64
		{E728EC45-5341-D36F-1CEE-620988C56709}.Release|x64.ActiveCfg = Release|x64
		{E728EC45-5341-D36F-1CEE-620988C56709}.Release|x64.Build.0 = Release|x64
		{6F2A4D34-DB98-A2B3-2482-5DB3902F984F}.Debug|x64.ActiveCfg = Debug|x64
		{6F2A4D34-DB98-A2B3-2482-5DB3902F984F}.Debug|x64.Build.0 = Debug|x64
		{6F2A4D34-DB98-A2B3-2482-5DB3902F984F}.Release|x64.ActiveCfg = Release|x64
		{6F2A4D34-DB98-A2B3-2482-5DB3902F984F}.Release|x64.Build.0 = Release|x64
		{4DD4BFB3-3925-ABF5-6289-99B74E393E5F}.Debug|x64.ActiveCfg = Debug|x64
		{4DD4BFB3-3925-ABF5-6289-99B74E393E5F}.Debug|x64.Build.0 = Debug|x64
		{4DD4BFB3-3925-ABF5-6289-99B74E393E5F}.Release|x64.ActiveCfg = Release|x64
		{4DD4BFB3-3925-ABF5-6289-99B74E393E5F}.Release|x64.Build.0 = Release|x64
		{9F898B82-8BF1-5150-F45C-6666E0E3683C}.Debug|x64.ActiveCfg = Debug|x64
		{9F898B82-8BF1-5150-F45C-6666E0E3683C}.Debug|x64.Build.0 = Debug|x64
		{9F898B82-8BF1-5150-F45C-6666E0E3683C}.Release|x64.ActiveCfg = Release|x64
		{9F898B82-8BF1-5150-F45C-6666E0E3683C}.Release|x64.Build.0 = Release|x64
		{AD7969E7-99CA-5429-C22E-43EBAEDEE792}.Debug|x64.ActiveCfg = Debug|x64
		{AD7969E7-99CA-5429-C22E-43EBAEDEE792}.Debug|x64.Build.0 = Debug|x64
		{AD7969E7-99CA-5429-C22E-43EBAEDEE792}.Release|x64.ActiveCfg = Release|x64
		{AD7969E7-99CA-5429-C22E-43EBAEDEE792}.Release|x64.Build.0 = Release|x64
		{14544B3A-80C2-A0B9-C9AB-5BB935599655}.Debug|x64.ActiveCfg = Debug|x64
		{14544B3A-80C2-A0B9-C9AB-5BB935599655}.Debug|x64.Build.0 = Debug|x64
		{14544B3A-80C2-A0B9-C9AB-5BB935599655}.Release|x64.ActiveCfg = Release|x64
		{14544B3A-80C2-A0B9-C9AB-5BB935599655}.Release|x64.Build.0 = Release|x64
		{6678DA25-5230-1C73-BB37-F5CEA70EB763}.Debug|x64.ActiveCfg = Debug|x64
		{6678DA25-5230-1C73-BB37-F5CEA70EB763}.Debug|x64.Build.0 = Debug|x64
		{6678DA25-5230-1C73-BB37-F5CEA70EB763}.Release|x64.ActiveCfg = Release|x64
		{6678DA25-5230-1C73-BB37-F5CEA70EB763}.Release|x64.Build.0 = Release|x64
		{02B6B284-6E22-6E7F-3716-06DDA34190E7}.Debug|x64.ActiveCfg = Debug|x64
		{02B6B284-6E22-6E7F-3716-06DDA34190E7}.Debug|x64.Build.0 = Debug|x64
		{02B6B284-6E22-6E7F-3716-06DDA34190E7}.Release|x64.ActiveCfg = Release|x64
		{02B6B284-6E22-6E7F-3716-06DDA34190E7}.Release|x64.Build.0 = Release|x64
		{62D457B9-4ECD-760B-77FF-5B9063575617}.Debug|x64.ActiveCfg = Debug|x64
		{62D457B9-4ECD-760B-77FF-5B9063575617}.Debug|x64.Build.0 = Debug|x64
		{62D457B9-4ECD-760B-77FF-5B9063575617}.Release|x64.ActiveCfg = Release|x64
		{62D457B9-4ECD-760B-77FF-5B9063575617}.Release|x64.Build.0 = Release|x64
		{EA4A5DC9-560D-9153-9FBD-1FE00BBF6931}.Debug|x64.ActiveCfg = Debug|x64
		{EA4A5DC9-560D-9153-9FBD-1FE00BBF6931}.Debug|x64.Build.0 = Debug|x64
		{EA4A5DC9-560D-9153-9FBD-1FE00BBF6931}.Release|x64.ActiveCfg = Release|x64
		{EA4A5DC9-560D-9153-9FBD-1FE00BBF6931}.Release|x64.Build.0 = Release|x64
		{5C0C50D9-48C7-3F85-F17E-B8CFDD188A15}.Debug|x64.ActiveCfg = Debug|x64
		{5C0C50D9-48C7-3F85-F17E-B8CFDD188A15}.Debug|x64.Build.0 = Debug|x64
		{5C0C50D9-48C7-3F85-F17E-B8CFDD188A15}.Release|x64.ActiveCfg = Release|x64
		{5C0C50D9-48C7-3F85-F17E-B8CFDD188A15}.Release|x64.Build.0 = Release|x64
		{79F7759A-E563-3195-AE57-C9F21A8353FD}.Debug|x64.ActiveCfg = Debug|x64
		{79F7759A-E563-3195-AE57-C9F21A8353FD}.Debug|x64.Build.0 = Debug|x64
		{79F7759A-E563-3195-AE57-C9F21A8353FD}.Release|x64.ActiveCfg = Release|x64
		{79F7759A-E563-3195-AE57-C9F21A8353FD}.Release|x64.Build.0 = Release|x64
		{D793EB2D-C322-75F7-6C41-89F258AF859D}.Debug|x64.ActiveCfg = Debug|x64
		{D793EB2D-C322-75F7-6C41-89F258AF859D}.Debug|x64.Build.0 = Debug|x64
		{D793EB2D-C322-75F7-6C41-89F258AF859D}.Release|x64.ActiveCfg = Release|x64
		{D793EB2D-C322-75F7-6C41-89F258AF859D}.Release|x64.Build.0 = Release|x64
		{8C9B2ECF-F807-EAC9-C1FB-81272D270C32}.Debug|x64.ActiveCfg = Debug|x64
		{8C9B2ECF-F807-EAC9-C1FB-81272D270C32}.Debug|x64.Build.0 = Debug|x64
		{8C9B2ECF-F807-EAC9-C1FB-81272D270C32}.Release|x64.ActiveCfg = Release|x64
		{8C9B2ECF-F807-EAC9-C1FB-81272D270C32}.Release|x64.Build.0 = Release|x64
		{777CFD80-630B-874A-0C2A-9B45F89797F0}.Debug|x64.ActiveCfg = Debug|x64
		{777CFD80-630B-874A-0C2A-9B45F89797F0}.Debug|x64.Build.0 = Debug|x64
		{777CFD80-630B-874A-0C2A-9B45F89797F0}.Release|x64.ActiveCfg = Release|x64
		{777CFD80-630B-874A-0C2A-9B45F89797F0}.Release|x64.Build.0 = Release|x64
	EndGlobalSection
	GlobalSection(SolutionProperties) = preSolution
		HideSolutionNode = FALSE
	EndGlobalSection
	GlobalSection(NestedProjects) = preSolution
		{0916359A-75D6-B0D0-3E11-FA4DAA90F5AC} = {B63FEAB7-A20D-DEBD-8BA1-4EE4770EBA22}
		{F980201D-E54E-1423-CEE2-8449BA4FF087} = {B63FEAB7-A20D-DEBD-8BA1-4EE4770EBA22}
		{154B857C-0182-860D-AA6E-6C109684020F} = {53E47842-3FC8-3998-A828-34EB942B241A}
		{BDD6857C-A90D-870D-52FA-6C103E10030F} = {53E47842-3FC8-3998-A828-34EB942B241A}
		{C0FF640D-2C14-8DBE-F595-301E616989EF} = {53E47842-3FC8-3998-A828-34EB942B241A}
		{818D8C7C-6DC4-8D0D-16B1-731002C7090F} = {53E47842-3FC8-3998-A828-34EB942B241A}
		{76563D9D-6223-98A8-8B3C-86507768CD36} = {53E47842-3FC8-3998-A828-34EB942B241A}
		{8EAD431C-7A4F-6EF2-630A-82464F4BF542} = {53E47842-3FC8-3998-A828-34EB942B241A}
		{9A643DEF-06D1-F8E9-CFC4-90473BF01A52} = {65CB7E83-D18B-FAB9-9AC6-433706463F96}
		{A386D97E-8F3E-1BCC-F845-F427E41CB6BC} = {65CB7E83-D18B-FAB9-9AC6-433706463F96}
		{DC7930D1-C847-24D7-B1DB-94FD9D48003C} = {65CB7E83-D18B-FAB9-9AC6-433706463F96}
		{3709880B-A312-887C-2C8E-9E7C9896937C} = {65CB7E83-D18B-FAB9-9AC6-433706463F96}
		{8D153653-7978-C5F7-22FE-FDAD0E40917A} = {65CB7E83-D18B-FAB9-9AC6-433706463F96}
		{AB7025F0-1750-A48B-2068-2F628CC60AED} = {65CB7E83-D18B-FAB9-9AC6-433706463F96}
		{642E3DBD-50FC-30C3-3990-A1E925FD0C28} = {0822A731-F431-5302-5DEB-B720491A429B}
		{659FB931-516D-AD37-3A01-1E5E266E899C} = {0822A731-F431-5302-5DEB-B720491A429B}
		{F6637ACB-6224-F601-2B5F-3F7F97DE3ADE} = {0822A731-F431-5302-5DEB-B720491A429B}
		{F7D4F63F-6395-7276-2CD0-BBF3984FB752} = {0822A731-F431-5302-5DEB-B720491A429B}
		{F84573B4-6406-EFEA-2D41-386899C033C7} = {0822A731-F431-5302-5DEB-B720491A429B}
		{FA276C9D-66E8-E7D3-2F23-31519BA22CB0} = {0822A731-F431-5302-5DEB-B720491A429B}
		{FC096586-68CA-E0BC-3105-2A3A9D842599} = {0822A731-F431-5302-5DEB-B720491A429B}
		{451CA739-B18A-FCB8-FA73-B7B86621F254} = {30C3A07D-9C85-D407-E535-63945137ADE5}
		{FA4DE0F8-E689-E362-4F9C-FB593BF78B7D} = {30C3A07D-9C85-D407-E535-63945137ADE5}
		{387CC9F0-A4EA-1E70-EDD3-D96F5981140C} = {30C3A07D-9C85-D407-E535-63945137ADE5}
		{D878589E-C433-484A-6DEB-C094598592DA} = {30C3A07D-9C85-D407-E535-63945137ADE5}
		{60906E50-CC54-6D40-95BA-9D0A013E0976} = {30C3A07D-9C85-D407-E535-63945137ADE5}
		{E728EC45-5341-D36F-1CEE-620988C56709} = {30C3A07D-9C85-D407-E535-63945137ADE5}
		{6F2A4D34-DB98-A2B3-2482-5DB3902F984F} = {30C3A07D-9C85-D407-E535-63945137ADE5}
		{4DD4BFB3-3925-ABF5-6289-99B74E393E5F} = {30C3A07D-9C85-D407-E535-63945137ADE5}
		{9F898B82-8BF1-5150-F45C-6666E0E3683C} = {30C3A07D-9C85-D407-E535-63945137ADE5}
		{AD7969E7-99CA-5429-C22E-43EBAEDEE792} = {30C3A07D-9C85-D407-E535-63945137ADE5}
		{14544B3A-80C2-A0B9-C9AB-5BB935599655} = {30C3A07D-9C85-D407-E535-63945137ADE5}
		{6678DA25-5230-1C73-BB37-F5CEA70EB763} = {30C3A07D-9C85-D407-E535-63945137ADE5}
		{02B6B284-6E22-6E7F-3716-06DDA34190E7} = {30C3A07D-9C85-D407-E535-63945137ADE5}
		{62D457B9-4ECD-760B-77FF-5B9063575617} = {30C3A07D-9C85-D407-E535-63945137ADE5}
		{EA4A5DC9-560D-9153-9FBD-1FE00BBF6931} = {30C3A07D-9C85-D407-E535-63945137ADE5}
		{5C0C50D9-48C7-3F85-F17E-B8CFDD188A15} = {30C3A07D-9C85-D407-E535-63945137ADE5}
		{79F7759A-E563-3195-AE57-C9F21A8353FD} = {30C3A07D-9C85-D407-E535-63945137ADE5}
		{D793EB2D-C322-75F7-6C41-89F258AF859D} = {30C3A07D-9C85-D407-E535-63945137ADE5}
		{8C9B2ECF-F807-EAC9-C1FB-81272D270C32} = {30C3A07D-9C85-D407-E535-63945137ADE5}
		{777CFD80-630B-874A-0C2A-9B45F89797F0} = {30C3A07D-9C85-D407-E535-63945137ADE5}
	EndGlobalSection
EndGlobal
